
Microsoft Visual Studio Solution File, Format Version 12.00
# Visual Studio Version 17
VisualStudioVersion = 17.7.34202.233
MinimumVisualStudioVersion = 10.0.40219.1
Project("{9A19103F-16F7-4668-BE54-9A1E7A4F7556}") = "Web", "src\Web\Web.csproj", "{226FB4D6-227A-45B5-9DD5-030CDB86B93C}"
EndProject
Project("{9A19103F-16F7-4668-BE54-9A1E7A4F7556}") = "Models", "src\Models\Models.csproj", "{A94803AB-AB38-446D-A762-FF1FA10276CC}"
EndProject
Project("{9A19103F-16F7-4668-BE54-9A1E7A4F7556}") = "DataService", "src\DataService\DataService.csproj", "{60EDA80B-B8DF-4146-81A2-439B2FA59ABF}"
EndProject
Global
	GlobalSection(SolutionConfigurationPlatforms) = preSolution
		Debug|Any CPU = Debug|Any CPU
		Release|Any CPU = Release|Any CPU
	EndGlobalSection
	GlobalSection(ProjectConfigurationPlatforms) = postSolution
		{226FB4D6-227A-45B5-9DD5-030CDB86B93C}.Debug|Any CPU.ActiveCfg = Debug|Any CPU
		{226FB4D6-227A-45B5-9DD5-030CDB86B93C}.Debug|Any CPU.Build.0 = Debug|Any CPU
		{226FB4D6-227A-45B5-9DD5-030CDB86B93C}.Release|Any CPU.ActiveCfg = Release|Any CPU
		{226FB4D6-227A-45B5-9DD5-030CDB86B93C}.Release|Any CPU.Build.0 = Release|Any CPU
		{A94803AB-AB38-446D-A762-FF1FA10276CC}.Debug|Any CPU.ActiveCfg = Debug|Any CPU
		{A94803AB-AB38-446D-A762-FF1FA10276CC}.Debug|Any CPU.Build.0 = Debug|Any CPU
		{A94803AB-AB38-446D-A762-FF1FA10276CC}.Release|Any CPU.ActiveCfg = Release|Any CPU
		{A94803AB-AB38-446D-A762-FF1FA10276CC}.Release|Any CPU.Build.0 = Release|Any CPU
		{60EDA80B-B8DF-4146-81A2-439B2FA59ABF}.Debug|Any CPU.ActiveCfg = Debug|Any CPU
		{60EDA80B-B8DF-4146-81A2-439B2FA59ABF}.Debug|Any CPU.Build.0 = Debug|Any CPU
		{60EDA80B-B8DF-4146-81A2-439B2FA59ABF}.Release|Any CPU.ActiveCfg = Release|Any CPU
		{60EDA80B-B8DF-4146-81A2-439B2FA59ABF}.Release|Any CPU.Build.0 = Release|Any CPU
	EndGlobalSection
	GlobalSection(SolutionProperties) = preSolution
		HideSolutionNode = FALSE
	EndGlobalSection
	GlobalSection(ExtensibilityGlobals) = postSolution
		SolutionGuid = {4DEB2526-4F38-4DBC-BF79-82FFCED95553}
	EndGlobalSection
EndGlobal
